
Microsoft Visual Studio Solution File, Format Version 12.00
# Visual Studio 14
VisualStudioVersion = 14.0.25420.1
MinimumVisualStudioVersion = 10.0.40219.1
Project("{E24C65DC-7377-472B-9ABA-BC803B73C61A}") = "Ade Sukma 3 TI A", "D:\Ade Sukma 3 TI A\", "{AE18CF53-D67A-4A9F-8EB1-78D3A2158FA3}"
	ProjectSection(WebsiteProperties) = preProject
		TargetFrameworkMoniker = ".NETFramework,Version%3Dv4.6.1"
		Debug.AspNetCompiler.VirtualPath = "/localhost_52897"
		Debug.AspNetCompiler.PhysicalPath = "D:\Ade Sukma 3 TI A\"
		Debug.AspNetCompiler.TargetPath = "PrecompiledWeb\localhost_52897\"
		Debug.AspNetCompiler.Updateable = "true"
		Debug.AspNetCompiler.ForceOverwrite = "true"
		Debug.AspNetCompiler.FixedNames = "false"
		Debug.AspNetCompiler.Debug = "True"
		Release.AspNetCompiler.VirtualPath = "/localhost_52897"
		Release.AspNetCompiler.PhysicalPath = "D:\Ade Sukma 3 TI A\"
		Release.AspNetCompiler.TargetPath = "PrecompiledWeb\localhost_52897\"
		Release.AspNetCompiler.Updateable = "true"
		Release.AspNetCompiler.ForceOverwrite = "true"
		Release.AspNetCompiler.FixedNames = "false"
		Release.AspNetCompiler.Debug = "False"
		VWDPort = "52897"
		SlnRelativePath = "D:\Ade Sukma 3 TI A\"
		DefaultWebSiteLanguage = "Visual Basic"
	EndProjectSection
EndProject
Global
	GlobalSection(SolutionConfigurationPlatforms) = preSolution
		Debug|Any CPU = Debug|Any CPU
	EndGlobalSection
	GlobalSection(ProjectConfigurationPlatforms) = postSolution
		{AE18CF53-D67A-4A9F-8EB1-78D3A2158FA3}.Debug|Any CPU.ActiveCfg = Debug|Any CPU
		{AE18CF53-D67A-4A9F-8EB1-78D3A2158FA3}.Debug|Any CPU.Build.0 = Debug|Any CPU
	EndGlobalSection
	GlobalSection(SolutionProperties) = preSolution
		HideSolutionNode = FALSE
	EndGlobalSection
EndGlobal
